
Microsoft Visual Studio Solution File, Format Version 12.00
# Visual Studio Version 17
VisualStudioVersion = 17.2.32526.322
MinimumVisualStudioVersion = 10.0.40219.1
Project("{9A19103F-16F7-4668-BE54-9A1E7A4F7556}") = "Factory", "Factory\Factory.csproj", "{46D4D1AC-2822-4566-9561-B91DD7E725B8}"
EndProject
Project("{9A19103F-16F7-4668-BE54-9A1E7A4F7556}") = "Singleton", "Singleton\Singleton.csproj", "{5D2C7976-318B-48BE-82F6-B553A39295DE}"
EndProject
Project("{9A19103F-16F7-4668-BE54-9A1E7A4F7556}") = "Builder", "Builder\Builder.csproj", "{B5C5F6E2-3282-45FC-9022-77071DB7F843}"
EndProject
Project("{9A19103F-16F7-4668-BE54-9A1E7A4F7556}") = "Prototype", "Prototype\Prototype.csproj", "{32EC2FD7-EFB5-4FE4-AE3C-A061743FFEFF}"
EndProject
Project("{2150E333-8FDC-42A3-9474-1A3956D46DE8}") = "Describe", "Describe", "{1085D9C0-D993-4DA3-A4B7-94C65490CFD3}"
	ProjectSection(SolutionItems) = preProject
		README.md = README.md
	EndProjectSection
EndProject
Project("{9A19103F-16F7-4668-BE54-9A1E7A4F7556}") = "Adapter", "Adapter\Adapter.csproj", "{3E8564A0-19B5-4082-9F69-252CEA11707D}"
EndProject
Project("{9A19103F-16F7-4668-BE54-9A1E7A4F7556}") = "Bridge", "Bridge\Bridge.csproj", "{60DCD28C-7FBC-4FD9-A955-564DB89D2DBE}"
EndProject
Project("{9A19103F-16F7-4668-BE54-9A1E7A4F7556}") = "Composite", "Composite\Composite.csproj", "{C4C34DE4-DCEB-4C89-B2D3-13FB83FFD152}"
EndProject
Project("{9A19103F-16F7-4668-BE54-9A1E7A4F7556}") = "Flyweight", "Flyweight\Flyweight.csproj", "{191860ED-DA13-4EB8-BC8A-D0F8CC4BBE63}"
EndProject
Project("{9A19103F-16F7-4668-BE54-9A1E7A4F7556}") = "Proxy", "Proxy\Proxy.csproj", "{9DDAE077-C6BD-4CFC-B380-E69C992BB444}"
EndProject
Project("{9A19103F-16F7-4668-BE54-9A1E7A4F7556}") = "Decorator", "Decorator\Decorator.csproj", "{CE770A8B-C6FB-4E4B-AD20-BFD23FEA9B89}"
EndProject
Project("{9A19103F-16F7-4668-BE54-9A1E7A4F7556}") = "Facade", "Facade\Facade.csproj", "{88B4E4F9-1E8B-4B15-A541-BB495860EE63}"
EndProject
Project("{9A19103F-16F7-4668-BE54-9A1E7A4F7556}") = "ChainOfResponsibility", "ChainOfResponsibility\ChainOfResponsibility.csproj", "{664526B3-A0CA-449D-B42D-E0AF5C00B421}"
EndProject
Project("{9A19103F-16F7-4668-BE54-9A1E7A4F7556}") = "Commond", "Commond\Commond.csproj", "{CAFC45E1-B172-480C-838B-BA7171FD628F}"
EndProject
Project("{9A19103F-16F7-4668-BE54-9A1E7A4F7556}") = "Iterator", "Iterator\Iterator.csproj", "{06234355-AA12-4307-BF6B-5963F1E2F7A6}"
EndProject
Project("{FAE04EC0-301F-11D3-BF4B-00C04F79EFBC}") = "Mediator", "Mediator\Mediator.csproj", "{25711E55-A219-49AE-B1BE-997F9673943F}"
EndProject
Global
	GlobalSection(SolutionConfigurationPlatforms) = preSolution
		Debug|Any CPU = Debug|Any CPU
		Release|Any CPU = Release|Any CPU
	EndGlobalSection
	GlobalSection(ProjectConfigurationPlatforms) = postSolution
		{46D4D1AC-2822-4566-9561-B91DD7E725B8}.Debug|Any CPU.ActiveCfg = Debug|Any CPU
		{46D4D1AC-2822-4566-9561-B91DD7E725B8}.Debug|Any CPU.Build.0 = Debug|Any CPU
		{46D4D1AC-2822-4566-9561-B91DD7E725B8}.Release|Any CPU.ActiveCfg = Release|Any CPU
		{46D4D1AC-2822-4566-9561-B91DD7E725B8}.Release|Any CPU.Build.0 = Release|Any CPU
		{5D2C7976-318B-48BE-82F6-B553A39295DE}.Debug|Any CPU.ActiveCfg = Debug|Any CPU
		{5D2C7976-318B-48BE-82F6-B553A39295DE}.Debug|Any CPU.Build.0 = Debug|Any CPU
		{5D2C7976-318B-48BE-82F6-B553A39295DE}.Release|Any CPU.ActiveCfg = Release|Any CPU
		{5D2C7976-318B-48BE-82F6-B553A39295DE}.Release|Any CPU.Build.0 = Release|Any CPU
		{B5C5F6E2-3282-45FC-9022-77071DB7F843}.Debug|Any CPU.ActiveCfg = Debug|Any CPU
		{B5C5F6E2-3282-45FC-9022-77071DB7F843}.Debug|Any CPU.Build.0 = Debug|Any CPU
		{B5C5F6E2-3282-45FC-9022-77071DB7F843}.Release|Any CPU.ActiveCfg = Release|Any CPU
		{B5C5F6E2-3282-45FC-9022-77071DB7F843}.Release|Any CPU.Build.0 = Release|Any CPU
		{32EC2FD7-EFB5-4FE4-AE3C-A061743FFEFF}.Debug|Any CPU.ActiveCfg = Debug|Any CPU
		{32EC2FD7-EFB5-4FE4-AE3C-A061743FFEFF}.Debug|Any CPU.Build.0 = Debug|Any CPU
		{32EC2FD7-EFB5-4FE4-AE3C-A061743FFEFF}.Release|Any CPU.ActiveCfg = Release|Any CPU
		{32EC2FD7-EFB5-4FE4-AE3C-A061743FFEFF}.Release|Any CPU.Build.0 = Release|Any CPU
		{3E8564A0-19B5-4082-9F69-252CEA11707D}.Debug|Any CPU.ActiveCfg = Debug|Any CPU
		{3E8564A0-19B5-4082-9F69-252CEA11707D}.Debug|Any CPU.Build.0 = Debug|Any CPU
		{3E8564A0-19B5-4082-9F69-252CEA11707D}.Release|Any CPU.ActiveCfg = Release|Any CPU
		{3E8564A0-19B5-4082-9F69-252CEA11707D}.Release|Any CPU.Build.0 = Release|Any CPU
		{60DCD28C-7FBC-4FD9-A955-564DB89D2DBE}.Debug|Any CPU.ActiveCfg = Debug|Any CPU
		{60DCD28C-7FBC-4FD9-A955-564DB89D2DBE}.Debug|Any CPU.Build.0 = Debug|Any CPU
		{60DCD28C-7FBC-4FD9-A955-564DB89D2DBE}.Release|Any CPU.ActiveCfg = Release|Any CPU
		{60DCD28C-7FBC-4FD9-A955-564DB89D2DBE}.Release|Any CPU.Build.0 = Release|Any CPU
		{C4C34DE4-DCEB-4C89-B2D3-13FB83FFD152}.Debug|Any CPU.ActiveCfg = Debug|Any CPU
		{C4C34DE4-DCEB-4C89-B2D3-13FB83FFD152}.Debug|Any CPU.Build.0 = Debug|Any CPU
		{C4C34DE4-DCEB-4C89-B2D3-13FB83FFD152}.Release|Any CPU.ActiveCfg = Release|Any CPU
		{C4C34DE4-DCEB-4C89-B2D3-13FB83FFD152}.Release|Any CPU.Build.0 = Release|Any CPU
		{191860ED-DA13-4EB8-BC8A-D0F8CC4BBE63}.Debug|Any CPU.ActiveCfg = Debug|Any CPU
		{191860ED-DA13-4EB8-BC8A-D0F8CC4BBE63}.Debug|Any CPU.Build.0 = Debug|Any CPU
		{191860ED-DA13-4EB8-BC8A-D0F8CC4BBE63}.Release|Any CPU.ActiveCfg = Release|Any CPU
		{191860ED-DA13-4EB8-BC8A-D0F8CC4BBE63}.Release|Any CPU.Build.0 = Release|Any CPU
		{9DDAE077-C6BD-4CFC-B380-E69C992BB444}.Debug|Any CPU.ActiveCfg = Debug|Any CPU
		{9DDAE077-C6BD-4CFC-B380-E69C992BB444}.Debug|Any CPU.Build.0 = Debug|Any CPU
		{9DDAE077-C6BD-4CFC-B380-E69C992BB444}.Release|Any CPU.ActiveCfg = Release|Any CPU
		{9DDAE077-C6BD-4CFC-B380-E69C992BB444}.Release|Any CPU.Build.0 = Release|Any CPU
		{CE770A8B-C6FB-4E4B-AD20-BFD23FEA9B89}.Debug|Any CPU.ActiveCfg = Debug|Any CPU
		{CE770A8B-C6FB-4E4B-AD20-BFD23FEA9B89}.Debug|Any CPU.Build.0 = Debug|Any CPU
		{CE770A8B-C6FB-4E4B-AD20-BFD23FEA9B89}.Release|Any CPU.ActiveCfg = Release|Any CPU
		{CE770A8B-C6FB-4E4B-AD20-BFD23FEA9B89}.Release|Any CPU.Build.0 = Release|Any CPU
		{88B4E4F9-1E8B-4B15-A541-BB495860EE63}.Debug|Any CPU.ActiveCfg = Debug|Any CPU
		{88B4E4F9-1E8B-4B15-A541-BB495860EE63}.Debug|Any CPU.Build.0 = Debug|Any CPU
		{88B4E4F9-1E8B-4B15-A541-BB495860EE63}.Release|Any CPU.ActiveCfg = Release|Any CPU
		{88B4E4F9-1E8B-4B15-A541-BB495860EE63}.Release|Any CPU.Build.0 = Release|Any CPU
		{664526B3-A0CA-449D-B42D-E0AF5C00B421}.Debug|Any CPU.ActiveCfg = Debug|Any CPU
		{664526B3-A0CA-449D-B42D-E0AF5C00B421}.Debug|Any CPU.Build.0 = Debug|Any CPU
		{664526B3-A0CA-449D-B42D-E0AF5C00B421}.Release|Any CPU.ActiveCfg = Release|Any CPU
		{664526B3-A0CA-449D-B42D-E0AF5C00B421}.Release|Any CPU.Build.0 = Release|Any CPU
		{CAFC45E1-B172-480C-838B-BA7171FD628F}.Debug|Any CPU.ActiveCfg = Debug|Any CPU
		{CAFC45E1-B172-480C-838B-BA7171FD628F}.Debug|Any CPU.Build.0 = Debug|Any CPU
		{CAFC45E1-B172-480C-838B-BA7171FD628F}.Release|Any CPU.ActiveCfg = Release|Any CPU
		{CAFC45E1-B172-480C-838B-BA7171FD628F}.Release|Any CPU.Build.0 = Release|Any CPU
		{06234355-AA12-4307-BF6B-5963F1E2F7A6}.Debug|Any CPU.ActiveCfg = Debug|Any CPU
		{06234355-AA12-4307-BF6B-5963F1E2F7A6}.Debug|Any CPU.Build.0 = Debug|Any CPU
		{06234355-AA12-4307-BF6B-5963F1E2F7A6}.Release|Any CPU.ActiveCfg = Release|Any CPU
		{06234355-AA12-4307-BF6B-5963F1E2F7A6}.Release|Any CPU.Build.0 = Release|Any CPU
		{25711E55-A219-49AE-B1BE-997F9673943F}.Debug|Any CPU.ActiveCfg = Debug|Any CPU
		{25711E55-A219-49AE-B1BE-997F9673943F}.Debug|Any CPU.Build.0 = Debug|Any CPU
		{25711E55-A219-49AE-B1BE-997F9673943F}.Release|Any CPU.ActiveCfg = Release|Any CPU
		{25711E55-A219-49AE-B1BE-997F9673943F}.Release|Any CPU.Build.0 = Release|Any CPU
	EndGlobalSection
	GlobalSection(SolutionProperties) = preSolution
		HideSolutionNode = FALSE
	EndGlobalSection
	GlobalSection(ExtensibilityGlobals) = postSolution
		SolutionGuid = {9459B5AD-CBAC-42D6-8F93-8428349E1D30}
	EndGlobalSection
EndGlobal
